
Microsoft Visual Studio Solution File, Format Version 12.00
# Visual Studio 15
VisualStudioVersion = 15.0.28307.136
MinimumVisualStudioVersion = 10.0.40219.1
Project("{FAE04EC0-301F-11D3-BF4B-00C04F79EFBC}") = "PowersTable", "PowersTable\PowersTable.csproj", "{B9272A63-2B79-4B46-9EAD-7B82FAB21A77}"
EndProject
Global
	GlobalSection(SolutionConfigurationPlatforms) = preSolution
		Debug|Any CPU = Debug|Any CPU
		Release|Any CPU = Release|Any CPU
	EndGlobalSection
	GlobalSection(ProjectConfigurationPlatforms) = postSolution
		{B9272A63-2B79-4B46-9EAD-7B82FAB21A77}.Debug|Any CPU.ActiveCfg = Debug|Any CPU
		{B9272A63-2B79-4B46-9EAD-7B82FAB21A77}.Debug|Any CPU.Build.0 = Debug|Any CPU
		{B9272A63-2B79-4B46-9EAD-7B82FAB21A77}.Release|Any CPU.ActiveCfg = Release|Any CPU
		{B9272A63-2B79-4B46-9EAD-7B82FAB21A77}.Release|Any CPU.Build.0 = Release|Any CPU
	EndGlobalSection
	GlobalSection(SolutionProperties) = preSolution
		HideSolutionNode = FALSE
	EndGlobalSection
	GlobalSection(ExtensibilityGlobals) = postSolution
		SolutionGuid = {FDFB405A-A9ED-494C-8E74-45C22C778E04}
	EndGlobalSection
EndGlobal
